
Microsoft Visual Studio Solution File, Format Version 12.00
# Visual Studio Version 16
VisualStudioVersion = 16.0.30611.23
MinimumVisualStudioVersion = 10.0.40219.1
Project("{FAE04EC0-301F-11D3-BF4B-00C04F79EFBC}") = "p19108_ergasia1", "p19108_ergasia1\p19108_ergasia1.csproj", "{ED4E9D0C-6084-493A-8324-F3923BA8A93D}"
EndProject
Global
	GlobalSection(SolutionConfigurationPlatforms) = preSolution
		Debug|Any CPU = Debug|Any CPU
		Release|Any CPU = Release|Any CPU
	EndGlobalSection
	GlobalSection(ProjectConfigurationPlatforms) = postSolution
		{ED4E9D0C-6084-493A-8324-F3923BA8A93D}.Debug|Any CPU.ActiveCfg = Debug|Any CPU
		{ED4E9D0C-6084-493A-8324-F3923BA8A93D}.Debug|Any CPU.Build.0 = Debug|Any CPU
		{ED4E9D0C-6084-493A-8324-F3923BA8A93D}.Release|Any CPU.ActiveCfg = Release|Any CPU
		{ED4E9D0C-6084-493A-8324-F3923BA8A93D}.Release|Any CPU.Build.0 = Release|Any CPU
	EndGlobalSection
	GlobalSection(SolutionProperties) = preSolution
		HideSolutionNode = FALSE
	EndGlobalSection
	GlobalSection(ExtensibilityGlobals) = postSolution
		SolutionGuid = {4B2D758C-E126-4AA1-98F1-C191DAA5AFBC}
	EndGlobalSection
EndGlobal
